cloud.google.com/go v0.121.3 h1:84RD+hQXNdY5Sw/MWVAx5O9Aui/rd5VQ9HEcdN19afo=
cloud.google.com/go v0.121.3/go.mod h1:6vWF3nJWRrEUv26mMB3FEIU/o1MQNVPG1iHdisa2SJc=
github.com/LastPossum/kamino v0.0.2 h1:Zry5lS7x7TTU1hzzk3Utnp+rX8kk/wWhuW52Ha9As+U=
github.com/LastPossum/kamino v0.0.2/go.mod h1:H8Qm+6DGeNOoXk9hHIOEAQWS9nbo0YwK32pC/7REsOE=
github.com/Masterminds/semver/v3 v3.3.1 h1:QtNSWtVZ3nBfk8mAOu/B6v7FMJ+NHTIgUPi7rj+4nv4=
github.com/Masterminds/semver/v3 v3.3.1/go.mod h1:4V+yj/TJE1HU9XfppCwVMZq3I84lprf4nC11bSS5beM=
github.com/a-h/templ v0.3.1001 h1:yHDTgexACdJttyiyamcTHXr2QkIeVF1MukLy44EAhMY=
github.com/a-h/templ v0.3.1001/go.mod h1:oCZcnKRf5jjsGpf2yELzQfodLphd2mwecwG4Crk5HBo=
github.com/asaskevich/govalidator v0.0.0-20230301143203-a9d515a09cc2 h1:DklsrG3dyBCFEj5IhUbnKptjxatkF07cF2ak3yi77so=
github.com/asaskevich/govalidator v0.0.0-20230301143203-a9d515a09cc2/go.mod h1:WaHUgvxTVq04UNunO+XhnAqY/wQc+bxr74GqbsZ/Jqw=
github.com/bahlo/generic-list-go v0.2.0 h1:5sz/EEAK+ls5wF+NeqDpk5+iNdMDXrh3z3nPnH1Wvgk=
github.com/bahlo/generic-list-go v0.2.0/go.mod h1:2KvAjgMlE5NNynlg/5iLrrCCZ2+5xWbdbCW3pNTGyYg=
github.com/buger/jsonparser v1.1.2 h1:frqHqw7otoVbk5M8LlE/L7HTnIq2v9RX6EJ48i9AxJk=
github.com/buger/jsonparser v1.1.2/go.mod h1:6RYKKt7H4d4+iWqouImQ9R2FZql3VbhNgx27UK13J/0=
github.com/coreos/go-systemd/v22 v22.5.0/go.mod h1:Y58oyj3AT4RCenI/lSvhwexgC+NSVTIJ3seZv2GcEnc=
github.com/cpuguy83/go-md2man/v2 v2.0.6/go.mod h1:oOW0eioCTA6cOiMLiUPZOpcVxMig6NIQQ7OS05n1F4g=
github.com/davecgh/go-spew v1.1.2-0.20180830191138-d8f796af33cc h1:U9qPSI2PIWSS1VwoXQT9A3Wy9MM3WgvqSxFWenqJduM=
github.com/davecgh/go-spew v1.1.2-0.20180830191138-d8f796af33cc/go.mod h1:J7Y8YcW2NihsgmVo/mv3lAwl/skON4iLHjSsI+c5H38=
github.com/expr-lang/expr v1.17.8 h1:W1loDTT+0PQf5YteHSTpju2qfUfNoBt4yw9+wOEU9VM=
github.com/expr-lang/expr v1.17.8/go.mod h1:8/vRC7+7HBzESEqt5kKpYXxrxkr31SaO8r40VO/1IT4=
github.com/go-jose/go-jose/v4 v4.1.4 h1:moDMcTHmvE6Groj34emNPLs/qtYXRVcd6S7NHbHz3kA=
github.com/go-jose/go-jose/v4 v4.1.4/go.mod h1:x4oUasVrzR7071A4TnHLGSPpNOm2a21K9Kf04k1rs08=
github.com/go-resty/resty/v2 v2.16.5 h1:hBKqmWrr7uRc3euHVqmh1HTHcKn99Smr7o5spptdhTM=
github.com/go-resty/resty/v2 v2.16.5/go.mod h1:hkJtXbA2iKHzJheXYvQ8snQES5ZLGKMwQ07xAwp/fiA=
github.com/godbus/dbus/v5 v5.0.4/go.mod h1:xhWf0FNVPg57R7Z0UbKHbJfkEywrmjJnf7w5xrFpKfA=
github.com/google/go-cmp v0.7.0 h1:wk8382ETsv4JYUZwIsn6YpYiWiBsYLSJiTsyBybVuN8=
github.com/google/go-cmp v0.7.0/go.mod h1:pXiqmnSA92OHEEa9HXL2W4E7lf9JzCmGVUdgjX3N/iU=
github.com/google/uuid v1.6.0 h1:NIvaJDMOsjHA8n1jAhLSgzrAzy1Hgr+hNrb57e+94F0=
github.com/google/uuid v1.6.0/go.mod h1:TIyPZe4MgqvfeYDBFedMoGGpEw/LqOeaOT+nhxU+yHo=
github.com/inconshreveable/mousetrap v1.1.0 h1:wN+x4NVGpMsO7ErUn/mUI3vEoE6Jt13X2s0bqwp9tc8=
github.com/inconshreveable/mousetrap v1.1.0/go.mod h1:vpF70FUmC8bwa3OWnCshd2FqLfsEA9PFc4w1p2J65bw=
github.com/invopop/ctxi18n v0.9.0 h1:BIia4u4OngaHVn/7gvK0w6lccOXVtad8xU0KgJ+mnVA=
github.com/invopop/ctxi18n v0.9.0/go.mod h1:1Osw+JGYA+anHt0Z4reF36r5FtGHYjGQ+m1X7keIhPc=
github.com/invopop/gobl v0.507.1-0.20260930205836-7e1388699776 h1:AFzFC2Uy4tE9D6fdSEZ3MAzxsL/vWuVsVc2XfxzHxZE=
github.com/invopop/gobl v0.507.1-0.20260930205836-7e1388699776/go.mod h1:HmiEdQreTSQYyNbhs81VKTmI7BAJKYC/6enh9RDwnE0=
github.com/invopop/gobl.ar.arca v0.0.3-0.20261001181937-70867fcd751e h1:82hBCCb8VybM16/GmIBddw1cqeCB2jAdlXR1zgacrHg=
github.com/invopop/gobl.ar.arca v0.0.3-0.20261001181937-70867fcd751e/go.mod h1:eFXn1i+RmteqdkrLbgr2ZfNQ0nM2Ix86qheGcz62GX0=
github.com/invopop/gobl.br.nfe v0.0.4 h1:/RWQEwP8pHej+8u6u/BNeLKjYZ4NyZJRjWGF2cPEZdo=
github.com/invopop/gobl.br.nfe v0.0.4/go.mod h1:qXzt4bz9S4+nJRbREb9QEAoO1W9r3Sjy6R207W7IuhY=
github.com/invopop/gobl.br.nfse v0.0.2 h1:lhHnDBxs8sYBjWQ+nZ8q5/+6OUwRGPedgjJuxHDQdmI=
github.com/invopop/gobl.br.nfse v0.0.2/go.mod h1:rgq6Kw/yaRexA7yf9+sbAI4Ugj+DrlIKsWLxv8K2lAI=
github.com/invopop/gobl.dev v0.507.1 h1:SHyQArbdEM5tenW/RrkjUh72ljQtTQuFRPxZmIVLmuc=
github.com/invopop/gobl.dev v0.507.1/go.mod h1:YzkJB7f7lZ7kzFJ14vsvxnmCw61V67EKeKb3Y2YJGDM=
github.com/invopop/gobl.dk.oioubl v0.0.6 h1:45Qg561DcB34Ldc8TDjvlP+3t7L43PqKxNXxphaWzqs=
github.com/invopop/gobl.dk.oioubl v0.0.6/go.mod h1:FFKB5iY3LtJZSsc+GqIs2vaptzInrVQjPEv9m2Ld2vQ=
github.com/invopop/gobl.fi.finvoice v0.0.2 h1:yOPLBUVNZ8Uk3KEaYXjXTzqy4HV3xdyT4vkrp4ydtYM=
github.com/invopop/gobl.fi.finvoice v0.0.2/go.mod h1:3NenHpVprZgry3em/42ddMBxTfngCCjpiKePAxoejbE=
github.com/invopop/gobl.fr.ctc v0.0.8 h1:T4/QTD1qfHdACEeZSw6jMkK8U0eiwpaJXv1QZs6n6dc=
github.com/invopop/gobl.fr.ctc v0.0.8/go.mod h1:S7D4Oz8cvKJ5usaY9Esjf6efx4gfDaC51/s0y9UVUF4=
github.com/invopop/gobl.it.sdi v0.77.0 h1:v9IgNJrIDkb5aPZZJPkXcHmS3sMojCC7aafTCjn47V4=
github.com/invopop/gobl.it.sdi v0.77.0/go.mod h1:+SfnlFTPjKSZZBrKEzVlrFePukufGV2AMSA5RFoWGEw=
github.com/invopop/gobl.mx.cfdi v0.64.0 h1:JThygwAHB9TyR9seSrJepmfE77i51DLYDUKLOaJBZyU=
github.com/invopop/gobl.mx.cfdi v0.64.0/go.mod h1:Y0T5b3cruP4kx0IV/KHEhNVpm8O0FYbSCHXaBMWXKzQ=
github.com/invopop/gobl.pl.ksef v0.45.0 h1:XlK33Geb9aDG0G5PyCGa0Rp2JCcLDWq7JuiJEpMVEpA=
github.com/invopop/gobl.pl.ksef v0.45.0/go.mod h1:aAbp+2Z7kBosREe/kMzfW2Fm6Dud7E0LwvK7tFY1QF4=
github.com/invopop/gobl.pt.saft v0.0.8 h1:cIR2MV964p1CAAWOptUBDIk1xf3MEPrLqI7a5iwA6cg=
github.com/invopop/gobl.pt.saft v0.0.8/go.mod h1:jFAvKmLpSw566qvafNFbkvHdZz1ZjSjNgQvgcX5Gdxk=
github.com/invopop/gobl.sa.zatca v0.0.4 h1:0BQKJdPazvdXCRosSU5pkQKCaexGQBATXEVqbAMajYk=
github.com/invopop/gobl.sa.zatca v0.0.4/go.mod h1:tmLCoaKb4X7sZ2zRU8LalA1sgxM2kQv/uqMzZslhE6A=
github.com/invopop/jsonschema v0.14.0 h1:MHQqLhvpNUZfw+hM3AZDYK7jxO8FZoQeQM77g8iyZjg=
github.com/invopop/jsonschema v0.14.0/go.mod h1:ygm6C2EaVNMBDPpaPlnOA2pFAxBnxGjFlMZABxm9n2I=
github.com/invopop/princepdf v0.0.0-20240408123340-585be3cab91a h1:xt18LlIfizLkFgLi+vK/m2SWOsAbQwVwQgbkzxKY0eU=
github.com/invopop/princepdf v0.0.0-20240408123340-585be3cab91a/go.mod h1:iYAJLConbhJ67An65H7Ei/o/ZGDvIQfyLA5JhxMQ1qY=
github.com/invopop/yaml v0.3.1 h1:f0+ZpmhfBSS4MhG+4HYseMdJhoeeopbSKbq5Rpeelso=
github.com/invopop/yaml v0.3.1/go.mod h1:PMOp3nn4/12yEZUFfmOuNHJsZToEEOwoWsT+D81KkeA=
github.com/joho/godotenv v1.5.1 h1:7eLL/+HRGLY0ldzfGMeQkb7vMd0as4CfYvUVzLqw0N0=
github.com/joho/godotenv v1.5.1/go.mod h1:f4LDr5Voq0i2e/R5DDNOoa2zzDfwtkZa6DnEwAbqwq4=
github.com/kr/pretty v0.3.1 h1:flRD4NNwYAUpkphVc1HcthR4KEIFJ65n8Mw5qdRn3LE=
github.com/kr/pretty v0.3.1/go.mod h1:hoEshYVHaxMs3cyo3Yncou5ZscifuDolrwPKZanG3xk=
github.com/kr/text v0.2.0 h1:5Nx0Ya0ZqY2ygV366QzturHI13Jq95ApcVaJBhpS+AY=
github.com/kr/text v0.2.0/go.mod h1:eLer722TekiGuMkidMxC/pM04lWEeraHUUmBw8l2grE=
github.com/labstack/echo/v4 v4.15.3 h1:lIdG4kK5RdMyhwCwSc4AmSQsLBb3AVwok6S8PX/9kwQ=
github.com/labstack/echo/v4 v4.15.3/go.mod h1:Xzp1Ns1RA2c9fY7nSgUJkpkUZGNbEIVHZbtbOMPktBI=
github.com/labstack/gommon v0.5.0 h1:6VSQ2NOzsnEJ5W6+84E0RbcaDDmgB6NIAzWCczTEe6c=
github.com/labstack/gommon v0.5.0/go.mod h1:Rzlg7HHy1maLfzBYGg9NZcVuz1sA68HHhLjhcEllYE0=
github.com/magefile/mage v1.17.2 h1:fyXVu1eadI8Ap1HCCNgEhJ5McIWiYhLR8uol64ZZc40=
github.com/magefile/mage v1.17.2/go.mod h1:Yj51kqllmsgFpvvSzgrZPK9WtluG3kUhFaBUVLo4feA=
github.com/mattn/go-colorable v0.1.13/go.mod h1:7S9/ev0klgBDR4GtXTXX8a3vIGJpMovkB8vQcUbaXHg=
github.com/mattn/go-colorable v0.1.14 h1:9A9LHSqF/7dyVVX6g0U9cwm9pG3kP9gSzcuIPHPsaIE=
github.com/mattn/go-colorable v0.1.14/go.mod h1:6LmQG8QLFO4G5z1gPvYEzlUgJ2wF+stgPZH1UqBm1s8=
github.com/mattn/go-isatty v0.0.16/go.mod h1:kYGgaQfpe5nmfYZH+SKPsOc2e4SrIfOl2e/yFXSvRLM=
github.com/mattn/go-isatty v0.0.19/go.mod h1:W+V8PltTTMOvKvAeJH7IuucS94S2C6jfK/D7dTCTo3Y=
github.com/mattn/go-isatty v0.0.22 h1:j8l17JJ9i6VGPUFUYoTUKPSgKe/83EYU2zBC7YNKMw4=
github.com/mattn/go-isatty v0.0.22/go.mod h1:ZXfXG4SQHsB/w3ZeOYbR0PrPwLy+n6xiMrJlRFqopa4=
github.com/pb33f/ordered-map/v2 v2.3.1 h1:5319HDO0aw4DA4gzi+zv4FXU9UlSs3xGZ40wcP1nBjY=
github.com/pb33f/ordered-map/v2 v2.3.1/go.mod h1:qxFQgd0PkVUtOMCkTapqotNgzRhMPL7VvaHKbd1HnmQ=
github.com/piglig/go-qr v0.2.4 h1:G/fY3/Oq0NI1oc0lEhBv75QXUtIW/FmcL9l8D1jIo1M=
github.com/piglig/go-qr v0.2.4/go.mod h1:funyXL4IdgMPcbICoVm1XweMtZy7Px3kyITTENkmA5w=
github.com/pkg/errors v0.9.1 h1:FEBLx1zS214owpjy7qsBeixbURkuhQAwrK5UwLGTwt4=
github.com/pkg/errors v0.9.1/go.mod h1:bwawxfHBFNV+L2hUp1rHADufV3IMtnDRdf1r5NINEl0=
github.com/pmezard/go-difflib v1.0.1-0.20181226105442-5d4384ee4fb2 h1:Jamvg5psRIccs7FGNTlIRMkT8wgtp5eCXdBlqhYGL6U=
github.com/pmezard/go-difflib v1.0.1-0.20181226105442-5d4384ee4fb2/go.mod h1:iKH77koFhYxTK1pcRnkKkqfTogsbg7gZNVY4sRDYZ/4=
github.com/rogpeppe/go-internal v1.14.1 h1:UQB4HGPB6osV0SQTLymcB4TgvyWu6ZyliaW0tI/otEQ=
github.com/rogpeppe/go-internal v1.14.1/go.mod h1:MaRKkUm5W0goXpeCfT7UZI6fk/L7L7so1lCWt35ZSgc=
github.com/rs/xid v1.5.0/go.mod h1:trrq9SKmegXys3aeAKXMUTdJsYXVwGY3RLcfgqegfbg=
github.com/rs/zerolog v1.33.0 h1:1cU2KZkvPxNyfgEmhHAz/1A9Bz+llsdYzklWFzgp0r8=
github.com/rs/zerolog v1.33.0/go.mod h1:/7mN4D5sKwJLZQ2b/znpjC3/GQWY/xaDXUM0kKWRHss=
github.com/russross/blackfriday/v2 v2.1.0/go.mod h1:+Rmxgy9KzJVeS9/2gXHxylqXiyQDYRxCVz55jmeOWTM=
github.com/spf13/cobra v1.9.1 h1:CXSaggrXdbHK9CF+8ywj8Amf7PBRmPCOJugH954Nnlo=
github.com/spf13/cobra v1.9.1/go.mod h1:nDyEzZ8ogv936Cinf6g1RU9MRY64Ir93oCnqb9wxYW0=
github.com/spf13/pflag v1.0.6 h1:jFzHGLGAlb3ruxLB8MhbI6A8+AQX/2eW4qeyNZXNp2o=
github.com/spf13/pflag v1.0.6/go.mod h1:McXfInJRrz4CZXVZOBLb0bTZqETkiAhM9Iw0y3An2Bg=
github.com/stretchr/testify v1.11.1 h1:7s2iGBzp5EwR7/aIZr8ao5+dra3wiQyKjjFuvgVKu7U=
github.com/stretchr/testify v1.11.1/go.mod h1:wZwfW3scLgRK+23gO65QZefKpKQRnfz6sD981Nm4B6U=
github.com/valyala/bytebufferpool v1.0.0 h1:GqA5TC/0021Y/b9FG4Oi9Mr3q7XYx6KllzawFIhcdPw=
github.com/valyala/bytebufferpool v1.0.0/go.mod h1:6bBcMArwyJ5K/AmCkWv1jt77kVWyCJ6HpOuEn7z0Csc=
github.com/valyala/fasttemplate v1.2.2 h1:lxLXG0uE3Qnshl9QyaK6XJxMXlQZELvChBOCmQD0Loo=
github.com/valyala/fasttemplate v1.2.2/go.mod h1:KHLXt3tVN2HBp8eijSv/kGJopbvo7S+qRAEEKiv+SiQ=
github.com/yosssi/gohtml v0.0.0-20201013000340-ee4748c638f4 h1:0sw0nJM544SpsihWx1bkXdYLQDlzRflMgFJQ4Yih9ts=
github.com/yosssi/gohtml v0.0.0-20201013000340-ee4748c638f4/go.mod h1:+ccdNT0xMY1dtc5XBxumbYfOUhmduiGudqaDgD2rVRE=
github.com/yuin/goldmark v1.4.13 h1:fVcFKWvrslecOb/tg+Cc05dkeYx540o0FuFt3nUVDoE=
github.com/yuin/goldmark v1.4.13/go.mod h1:6yULJ656Px+3vBD8DxQVa3kxgyrAnzto9xy5taEt/CY=
github.com/ziflex/lecho/v3 v3.7.0 h1:MSzYINEHtAaCx2XpbdF1A85aSyXitNJxF4T9dG6jzRQ=
github.com/ziflex/lecho/v3 v3.7.0/go.mod h1:LBlLsyIwa0MFxtJ2WU5WzHfuMR/jnq26TXddWfJ+s/0=
gitlab.com/flimzy/testy v0.15.0 h1:69TL12IpxqGUyL8NuRV3Z5OhIDszXLNqLtfBDhOV3ys=
gitlab.com/flimzy/testy v0.15.0/go.mod h1:KbAJWCwB++0hEFzeeQRbC7vdZYP/yEha94s4X1wVFrw=
go.yaml.in/yaml/v4 v4.0.0-rc.2 h1:/FrI8D64VSr4HtGIlUtlFMGsm7H7pWTbj6vOLVZcA6s=
go.yaml.in/yaml/v4 v4.0.0-rc.2/go.mod h1:aZqd9kCMsGL7AuUv/m/PvWLdg5sjJsZ4oHDEnfPPfY0=
golang.org/x/crypto v0.53.0 h1:QZ4Muo8THX6CizN2vPPd5fBGHyogrdK9fG4wLPFUsto=
golang.org/x/crypto v0.53.0/go.mod h1:DNLU434OwVakk9PzuwV8w62mAJpRJL3vsgcfp4Qnsio=
golang.org/x/net v0.56.0 h1:Rw8j/hFzGvJUZwNBXnAtf5sVDVt+65SK2C7IxCxZt5o=
golang.org/x/net v0.56.0/go.mod h1:D3Ku6r+V6JROoZK144D2XfMHFcMq/0zSfLelVTCFKec=
golang.org/x/sys v0.0.0-20220811171246-fbc7d0a398ab/go.mod h1:oPkhp1MJrh7nUepCBck5+mAzfO9JrbApNNgaTdGDITg=
golang.org/x/sys v0.6.0/go.mod h1:oPkhp1MJrh7nUepCBck5+mAzfO9JrbApNNgaTdGDITg=
golang.org/x/sys v0.12.0/go.mod h1:oPkhp1MJrh7nUepCBck5+mAzfO9JrbApNNgaTdGDITg=
golang.org/x/sys v0.46.0 h1:noSf2Fq6F8DBgS+LysIkx7rIExoNHJsxOAtPp4rthXw=
golang.org/x/sys v0.46.0/go.mod h1:4GL1E5IUh+htKOUEOaiffhrAeqysfVGipDYzABqnCmw=
golang.org/x/text v0.38.0 h1:sXmwo9DwP3OK9EZ7PqAdaooSGozfl/3a6/xJcbzPRhE=
golang.org/x/text v0.38.0/go.mod h1:YXZt3QhHUKYT53r2lLKFIVi6Ao1jdzrTR/KQ09qyxF4=
golang.org/x/time v0.15.0 h1:bbrp8t3bGUeFOx08pvsMYRTCVSMk89u4tKbNOZbp88U=
golang.org/x/time v0.15.0/go.mod h1:Y4YMaQmXwGQZoFaVFk4YpCt4FLQMYKZe9oeV/f4MSno=
gopkg.in/check.v1 v0.0.0-20161208181325-20d25e280405/go.mod h1:Co6ibVJAznAaIkqp8huTwlJQCZ016jof/cbN4VW5Yz0=
gopkg.in/check.v1 v1.0.0-20201130134442-10cb98267c6c h1:Hei/4ADfdWqJk1ZMxUNpqntNwaWcugrBjAiHlqqRiVk=
gopkg.in/check.v1 v1.0.0-20201130134442-10cb98267c6c/go.mod h1:JHkPIbrfpd72SG/EVd6muEfDQjcINNoR0C8j2r3qZ4Q=
gopkg.in/yaml.v3 v3.0.1 h1:fxVm/GzAzEWqLHuvctI91KS9hhNmmWOoWu0XTYJS7CA=
gopkg.in/yaml.v3 v3.0.1/go.mod h1:K4uyk7z7BCEPqu6E+C64Yfv1cQ7kz7rIZviUmN+EgEM=
